// !$*UTF8*$!
{
	archiveVersion = 1;
	classes = {
	};
	objectVersion = 50;
	objects = {

/* Begin PBXBuildFile section */
		312A1EC62603848E0089E5B1 /* AppDelegate.swift in Sources */ = {isa = PBXBuildFile; fileRef = 312A1EC52603848E0089E5B1 /* AppDelegate.swift */; };
		312A1EC82603848E0089E5B1 /* SceneDelegate.swift in Sources */ = {isa = PBXBuildFile; fileRef = 312A1EC72603848E0089E5B1 /* SceneDelegate.swift */; };
		312A1ECA2603848E0089E5B1 /* ContentView.swift in Sources */ = {isa = PBXBuildFile; fileRef = 312A1EC92603848E0089E5B1 /* ContentView.swift */; };
		312A1ECC260384900089E5B1 /* Assets.xcassets in Resources */ = {isa = PBXBuildFile; fileRef = 312A1ECB260384900089E5B1 /* Assets.xcassets */; };
		312A1ECF260384900089E5B1 /* Preview Assets.xcassets in Resources */ = {isa = PBXBuildFile; fileRef = 312A1ECE260384900089E5B1 /* Preview Assets.xcassets */; };
		312A1ED2260384900089E5B1 /* LaunchScreen.storyboard in Resources */ = {isa = PBXBuildFile; fileRef = 312A1ED0260384900089E5B1 /* LaunchScreen.storyboard */; };
		312A1EDE26038A320089E5B1 /* FeedJobsList.swift in Sources */ = {isa = PBXBuildFile; fileRef = 312A1EDD26038A320089E5B1 /* FeedJobsList.swift */; };
		312A1EE226038ACD0089E5B1 /* MainJobList.swift in Sources */ = {isa = PBXBuildFile; fileRef = 312A1EE126038ACD0089E5B1 /* MainJobList.swift */; };
		313E9E50260B3E2700FC51C4 /* JobService.swift in Sources */ = {isa = PBXBuildFile; fileRef = 313E9E4F260B3E2700FC51C4 /* JobService.swift */; };
		313E9E53260B3E6200FC51C4 /* NetworkService.swift in Sources */ = {isa = PBXBuildFile; fileRef = 313E9E52260B3E6200FC51C4 /* NetworkService.swift */; };
		313E9E56260B3E8200FC51C4 /* DatabaseService.swift in Sources */ = {isa = PBXBuildFile; fileRef = 313E9E55260B3E8200FC51C4 /* DatabaseService.swift */; };
		313E9E59260B3EB500FC51C4 /* LoadService.swift in Sources */ = {isa = PBXBuildFile; fileRef = 313E9E58260B3EB500FC51C4 /* LoadService.swift */; };
		313E9E5D260B3F2400FC51C4 /* Jobs.swift in Sources */ = {isa = PBXBuildFile; fileRef = 313E9E5C260B3F2400FC51C4 /* Jobs.swift */; };
		313E9E62260B3F6300FC51C4 /* Jobs.xcdatamodeld in Sources */ = {isa = PBXBuildFile; fileRef = 313E9E60260B3F6300FC51C4 /* Jobs.xcdatamodeld */; };
		313E9E65260B408700FC51C4 /* ServiceLocator.swift in Sources */ = {isa = PBXBuildFile; fileRef = 313E9E64260B408700FC51C4 /* ServiceLocator.swift */; };
		313E9E69260B423E00FC51C4 /* ViewControllers.swift in Sources */ = {isa = PBXBuildFile; fileRef = 313E9E68260B423E00FC51C4 /* ViewControllers.swift */; };
		313E9E6C260B425300FC51C4 /* UserDefaultsName.swift in Sources */ = {isa = PBXBuildFile; fileRef = 313E9E6B260B425300FC51C4 /* UserDefaultsName.swift */; };
		313E9E70260B42CA00FC51C4 /* AppConfig.swift in Sources */ = {isa = PBXBuildFile; fileRef = 313E9E6F260B42CA00FC51C4 /* AppConfig.swift */; };
		313E9E75260B435E00FC51C4 /* JobViewModel.swift in Sources */ = {isa = PBXBuildFile; fileRef = 313E9E74260B435E00FC51C4 /* JobViewModel.swift */; };
		313E9E79260B438300FC51C4 /* JobsViewModel.swift in Sources */ = {isa = PBXBuildFile; fileRef = 313E9E78260B438300FC51C4 /* JobsViewModel.swift */; };
		313E9E7D260B710900FC51C4 /* ActivityIndicatorView.swift in Sources */ = {isa = PBXBuildFile; fileRef = 313E9E7C260B710900FC51C4 /* ActivityIndicatorView.swift */; };
		313E9E81260B713000FC51C4 /* NavControllerViewModel.swift in Sources */ = {isa = PBXBuildFile; fileRef = 313E9E80260B713000FC51C4 /* NavControllerViewModel.swift */; };
		313E9E84260B715000FC51C4 /* Screen.swift in Sources */ = {isa = PBXBuildFile; fileRef = 313E9E83260B715000FC51C4 /* Screen.swift */; };
		313E9E87260B71E000FC51C4 /* Navigation.swift in Sources */ = {isa = PBXBuildFile; fileRef = 313E9E86260B71E000FC51C4 /* Navigation.swift */; };
		313E9E8A260B728C00FC51C4 /* NavControllerView.swift in Sources */ = {isa = PBXBuildFile; fileRef = 313E9E89260B728C00FC51C4 /* NavControllerView.swift */; };
		313E9E8E260B821B00FC51C4 /* JobCell.swift in Sources */ = {isa = PBXBuildFile; fileRef = 313E9E8D260B821B00FC51C4 /* JobCell.swift */; };
		313E9E91260B835200FC51C4 /* JobScreen.swift in Sources */ = {isa = PBXBuildFile; fileRef = 313E9E90260B835200FC51C4 /* JobScreen.swift */; };
		313E9E94260B841D00FC51C4 /* Error.swift in Sources */ = {isa = PBXBuildFile; fileRef = 313E9E93260B841D00FC51C4 /* Error.swift */; };
		313E9E99260B86DD00FC51C4 /* FakeNavBar.swift in Sources */ = {isa = PBXBuildFile; fileRef = 313E9E98260B86DD00FC51C4 /* FakeNavBar.swift */; };
		313E9E9C260B97CD00FC51C4 /* GlobalExtensions.swift in Sources */ = {isa = PBXBuildFile; fileRef = 313E9E9B260B97CD00FC51C4 /* GlobalExtensions.swift */; };
/* End PBXBuildFile section */

/* Begin PBXFileReference section */
		312A1EC22603848E0089E5B1 /* OfflieneCoreData.app */ = {isa = PBXFileReference; explicitFileType = wrapper.application; includeInIndex = 0; path = OfflieneCoreData.app; sourceTree = BUILT_PRODUCTS_DIR; };
		312A1EC52603848E0089E5B1 /* AppDelegate.swift */ = {isa = PBXFileReference; lastKnownFileType = sourcecode.swift; path = AppDelegate.swift; sourceTree = "<group>"; };
		312A1EC72603848E0089E5B1 /* SceneDelegate.swift */ = {isa = PBXFileReference; lastKnownFileType = sourcecode.swift; path = SceneDelegate.swift; sourceTree = "<group>"; };
		312A1EC92603848E0089E5B1 /* ContentView.swift */ = {isa = PBXFileReference; lastKnownFileType = sourcecode.swift; path = ContentView.swift; sourceTree = "<group>"; };
		312A1ECB260384900089E5B1 /* Assets.xcassets */ = {isa = PBXFileReference; lastKnownFileType = folder.assetcatalog; path = Assets.xcassets; sourceTree = "<group>"; };
		312A1ECE260384900089E5B1 /* Preview Assets.xcassets */ = {isa = PBXFileReference; lastKnownFileType = folder.assetcatalog; path = "Preview Assets.xcassets"; sourceTree = "<group>"; };
		312A1ED1260384900089E5B1 /* Base */ = {isa = PBXFileReference; lastKnownFileType = file.storyboard; name = Base; path = Base.lproj/LaunchScreen.storyboard; sourceTree = "<group>"; };
		312A1ED3260384900089E5B1 /* Info.plist */ = {isa = PBXFileReference; lastKnownFileType = text.plist.xml; path = Info.plist; sourceTree = "<group>"; };
		312A1EDD26038A320089E5B1 /* FeedJobsList.swift */ = {isa = PBXFileReference; lastKnownFileType = sourcecode.swift; path = FeedJobsList.swift; sourceTree = "<group>"; };
		312A1EE126038ACD0089E5B1 /* MainJobList.swift */ = {isa = PBXFileReference; lastKnownFileType = sourcecode.swift; path = MainJobList.swift; sourceTree = "<group>"; };
		313E9E4F260B3E2700FC51C4 /* JobService.swift */ = {isa = PBXFileReference; lastKnownFileType = sourcecode.swift; path = JobService.swift; sourceTree = "<group>"; };
		313E9E52260B3E6200FC51C4 /* NetworkService.swift */ = {isa = PBXFileReference; lastKnownFileType = sourcecode.swift; path = NetworkService.swift; sourceTree = "<group>"; };
		313E9E55260B3E8200FC51C4 /* DatabaseService.swift */ = {isa = PBXFileReference; lastKnownFileType = sourcecode.swift; path = DatabaseService.swift; sourceTree = "<group>"; };
		313E9E58260B3EB500FC51C4 /* LoadService.swift */ = {isa = PBXFileReference; lastKnownFileType = sourcecode.swift; path = LoadService.swift; sourceTree = "<group>"; };
		313E9E5C260B3F2400FC51C4 /* Jobs.swift */ = {isa = PBXFileReference; lastKnownFileType = sourcecode.swift; path = Jobs.swift; sourceTree = "<group>"; };
		313E9E61260B3F6300FC51C4 /* Jobs.xcdatamodel */ = {isa = PBXFileReference; lastKnownFileType = wrapper.xcdatamodel; path = Jobs.xcdatamodel; sourceTree = "<group>"; };
		313E9E64260B408700FC51C4 /* ServiceLocator.swift */ = {isa = PBXFileReference; lastKnownFileType = sourcecode.swift; path = ServiceLocator.swift; sourceTree = "<group>"; };
		313E9E68260B423E00FC51C4 /* ViewControllers.swift */ = {isa = PBXFileReference; lastKnownFileType = sourcecode.swift; path = ViewControllers.swift; sourceTree = "<group>"; };
		313E9E6B260B425300FC51C4 /* UserDefaultsName.swift */ = {isa = PBXFileReference; lastKnownFileType = sourcecode.swift; path = UserDefaultsName.swift; sourceTree = "<group>"; };
		313E9E6F260B42CA00FC51C4 /* AppConfig.swift */ = {isa = PBXFileReference; lastKnownFileType = sourcecode.swift; path = AppConfig.swift; sourceTree = "<group>"; };
		313E9E74260B435E00FC51C4 /* JobViewModel.swift */ = {isa = PBXFileReference; lastKnownFileType = sourcecode.swift; path = JobViewModel.swift; sourceTree = "<group>"; };
		313E9E78260B438300FC51C4 /* JobsViewModel.swift */ = {isa = PBXFileReference; lastKnownFileType = sourcecode.swift; path = JobsViewModel.swift; sourceTree = "<group>"; };
		313E9E7C260B710900FC51C4 /* ActivityIndicatorView.swift */ = {isa = PBXFileReference; lastKnownFileType = sourcecode.swift; path = ActivityIndicatorView.swift; sourceTree = "<group>"; };
		313E9E80260B713000FC51C4 /* NavControllerViewModel.swift */ = {isa = PBXFileReference; lastKnownFileType = sourcecode.swift; path = NavControllerViewModel.swift; sourceTree = "<group>"; };
		313E9E83260B715000FC51C4 /* Screen.swift */ = {isa = PBXFileReference; lastKnownFileType = sourcecode.swift; path = Screen.swift; sourceTree = "<group>"; };
		313E9E86260B71E000FC51C4 /* Navigation.swift */ = {isa = PBXFileReference; lastKnownFileType = sourcecode.swift; path = Navigation.swift; sourceTree = "<group>"; };
		313E9E89260B728C00FC51C4 /* NavControllerView.swift */ = {isa = PBXFileReference; lastKnownFileType = sourcecode.swift; path = NavControllerView.swift; sourceTree = "<group>"; };
		313E9E8D260B821B00FC51C4 /* JobCell.swift */ = {isa = PBXFileReference; lastKnownFileType = sourcecode.swift; path = JobCell.swift; sourceTree = "<group>"; };
		313E9E90260B835200FC51C4 /* JobScreen.swift */ = {isa = PBXFileReference; lastKnownFileType = sourcecode.swift; path = JobScreen.swift; sourceTree = "<group>"; };
		313E9E93260B841D00FC51C4 /* Error.swift */ = {isa = PBXFileReference; lastKnownFileType = sourcecode.swift; path = Error.swift; sourceTree = "<group>"; };
		313E9E98260B86DD00FC51C4 /* FakeNavBar.swift */ = {isa = PBXFileReference; lastKnownFileType = sourcecode.swift; path = FakeNavBar.swift; sourceTree = "<group>"; };
		313E9E9B260B97CD00FC51C4 /* GlobalExtensions.swift */ = {isa = PBXFileReference; lastKnownFileType = sourcecode.swift; path = GlobalExtensions.swift; sourceTree = "<group>"; };
/* End PBXFileReference section */

/* Begin PBXFrameworksBuildPhase section */
		312A1EBF2603848E0089E5B1 /* Frameworks */ = {
			isa = PBXFrameworksBuildPhase;
			buildActionMask = 2147483647;
			files = (
			);
			runOnlyForDeploymentPostprocessing = 0;
		};
/* End PBXFrameworksBuildPhase section */

/* Begin PBXGroup section */
		312A1EB92603848E0089E5B1 = {
			isa = PBXGroup;
			children = (
				312A1EC42603848E0089E5B1 /* OfflieneCoreData */,
				312A1EC32603848E0089E5B1 /* Products */,
			);
			sourceTree = "<group>";
		};
		312A1EC32603848E0089E5B1 /* Products */ = {
			isa = PBXGroup;
			children = (
				312A1EC22603848E0089E5B1 /* OfflieneCoreData.app */,
			);
			name = Products;
			sourceTree = "<group>";
		};
		312A1EC42603848E0089E5B1 /* OfflieneCoreData */ = {
			isa = PBXGroup;
			children = (
				312A1EDC260389970089E5B1 /* Views */,
				312A1EDB2603895B0089E5B1 /* Logic */,
				312A1EC52603848E0089E5B1 /* AppDelegate.swift */,
				312A1EC72603848E0089E5B1 /* SceneDelegate.swift */,
				312A1EC92603848E0089E5B1 /* ContentView.swift */,
				312A1ECB260384900089E5B1 /* Assets.xcassets */,
				312A1ED0260384900089E5B1 /* LaunchScreen.storyboard */,
				312A1ED3260384900089E5B1 /* Info.plist */,
				312A1ECD260384900089E5B1 /* Preview Content */,
			);
			path = OfflieneCoreData;
			sourceTree = "<group>";
		};
		312A1ECD260384900089E5B1 /* Preview Content */ = {
			isa = PBXGroup;
			children = (
				312A1ECE260384900089E5B1 /* Preview Assets.xcassets */,
			);
			path = "Preview Content";
			sourceTree = "<group>";
		};
		312A1EDB2603895B0089E5B1 /* Logic */ = {
			isa = PBXGroup;
			children = (
				313E9E93260B841D00FC51C4 /* Error.swift */,
				313E9E73260B434200FC51C4 /* ViewModel */,
				313E9E6E260B42B700FC51C4 /* AppConfig */,
				313E9E67260B422600FC51C4 /* DataName */,
				313E9E5B260B3F0F00FC51C4 /* CoreData */,
				313E9E4E260B3DFA00FC51C4 /* Services */,
			);
			path = Logic;
			sourceTree = "<group>";
		};
		312A1EDC260389970089E5B1 /* Views */ = {
			isa = PBXGroup;
			children = (
				313E9E8C260B807C00FC51C4 /* Job */,
				313E9E7B260B444200FC51C4 /* Extensions */,
			);
			path = Views;
			sourceTree = "<group>";
		};
		313E9E4E260B3DFA00FC51C4 /* Services */ = {
			isa = PBXGroup;
			children = (
				313E9E55260B3E8200FC51C4 /* DatabaseService.swift */,
				313E9E4F260B3E2700FC51C4 /* JobService.swift */,
				313E9E52260B3E6200FC51C4 /* NetworkService.swift */,
				313E9E58260B3EB500FC51C4 /* LoadService.swift */,
				313E9E64260B408700FC51C4 /* ServiceLocator.swift */,
			);
			path = Services;
			sourceTree = "<group>";
		};
		313E9E5B260B3F0F00FC51C4 /* CoreData */ = {
			isa = PBXGroup;
			children = (
				313E9E5C260B3F2400FC51C4 /* Jobs.swift */,
				313E9E60260B3F6300FC51C4 /* Jobs.xcdatamodeld */,
			);
			path = CoreData;
			sourceTree = "<group>";
		};
		313E9E67260B422600FC51C4 /* DataName */ = {
			isa = PBXGroup;
			children = (
				313E9E68260B423E00FC51C4 /* ViewControllers.swift */,
				313E9E6B260B425300FC51C4 /* UserDefaultsName.swift */,
			);
			path = DataName;
			sourceTree = "<group>";
		};
		313E9E6E260B42B700FC51C4 /* AppConfig */ = {
			isa = PBXGroup;
			children = (
				313E9E6F260B42CA00FC51C4 /* AppConfig.swift */,
			);
			path = AppConfig;
			sourceTree = "<group>";
		};
		313E9E73260B434200FC51C4 /* ViewModel */ = {
			isa = PBXGroup;
			children = (
				313E9E74260B435E00FC51C4 /* JobViewModel.swift */,
				313E9E78260B438300FC51C4 /* JobsViewModel.swift */,
			);
			path = ViewModel;
			sourceTree = "<group>";
		};
		313E9E7B260B444200FC51C4 /* Extensions */ = {
			isa = PBXGroup;
			children = (
				313E9E7C260B710900FC51C4 /* ActivityIndicatorView.swift */,
				313E9E80260B713000FC51C4 /* NavControllerViewModel.swift */,
				313E9E83260B715000FC51C4 /* Screen.swift */,
				313E9E86260B71E000FC51C4 /* Navigation.swift */,
				313E9E89260B728C00FC51C4 /* NavControllerView.swift */,
				313E9E98260B86DD00FC51C4 /* FakeNavBar.swift */,
				313E9E9B260B97CD00FC51C4 /* GlobalExtensions.swift */,
			);
			path = Extensions;
			sourceTree = "<group>";
		};
		313E9E8C260B807C00FC51C4 /* Job */ = {
			isa = PBXGroup;
			children = (
				312A1EDD26038A320089E5B1 /* FeedJobsList.swift */,
				312A1EE126038ACD0089E5B1 /* MainJobList.swift */,
				313E9E8D260B821B00FC51C4 /* JobCell.swift */,
				313E9E90260B835200FC51C4 /* JobScreen.swift */,
			);
			path = Job;
			sourceTree = "<group>";
		};
/* End PBXGroup section */

/* Begin PBXNativeTarget section */
		312A1EC12603848E0089E5B1 /* OfflieneCoreData */ = {
			isa = PBXNativeTarget;
			buildConfigurationList = 312A1ED6260384900089E5B1 /* Build configuration list for PBXNativeTarget "OfflieneCoreData" */;
			buildPhases = (
				312A1EBE2603848E0089E5B1 /* Sources */,
				312A1EBF2603848E0089E5B1 /* Frameworks */,
				312A1EC02603848E0089E5B1 /* Resources */,
			);
			buildRules = (
			);
			dependencies = (
			);
			name = OfflieneCoreData;
			productName = OfflieneCoreData;
			productReference = 312A1EC22603848E0089E5B1 /* OfflieneCoreData.app */;
			productType = "com.apple.product-type.application";
		};
/* End PBXNativeTarget section */

/* Begin PBXProject section */
		312A1EBA2603848E0089E5B1 /* Project object */ = {
			isa = PBXProject;
			attributes = {
				LastSwiftUpdateCheck = 1230;
				LastUpgradeCheck = 1230;
				TargetAttributes = {
					312A1EC12603848E0089E5B1 = {
						CreatedOnToolsVersion = 12.3;
					};
				};
			};
			buildConfigurationList = 312A1EBD2603848E0089E5B1 /* Build configuration list for PBXProject "OfflieneCoreData" */;
			compatibilityVersion = "Xcode 9.3";
			developmentRegion = en;
			hasScannedForEncodings = 0;
			knownRegions = (
				en,
				Base,
			);
			mainGroup = 312A1EB92603848E0089E5B1;
			productRefGroup = 312A1EC32603848E0089E5B1 /* Products */;
			projectDirPath = "";
			projectRoot = "";
			targets = (
				312A1EC12603848E0089E5B1 /* OfflieneCoreData */,
			);
		};
/* End PBXProject section */

/* Begin PBXResourcesBuildPhase section */
		312A1EC02603848E0089E5B1 /* Resources */ = {
			isa = PBXResourcesBuildPhase;
			buildActionMask = 2147483647;
			files = (
				312A1ED2260384900089E5B1 /* LaunchScreen.storyboard in Resources */,
				312A1ECF260384900089E5B1 /* Preview Assets.xcassets in Resources */,
				312A1ECC260384900089E5B1 /* Assets.xcassets in Resources */,
			);
			runOnlyForDeploymentPostprocessing = 0;
		};
/* End PBXResourcesBuildPhase section */

/* Begin PBXSourcesBuildPhase section */
		312A1EBE2603848E0089E5B1 /* Sources */ = {
			isa = PBXSourcesBuildPhase;
			buildActionMask = 2147483647;
			files = (
				313E9E65260B408700FC51C4 /* ServiceLocator.swift in Sources */,
				313E9E62260B3F6300FC51C4 /* Jobs.xcdatamodeld in Sources */,
				312A1EE226038ACD0089E5B1 /* MainJobList.swift in Sources */,
				313E9E59260B3EB500FC51C4 /* LoadService.swift in Sources */,
				313E9E75260B435E00FC51C4 /* JobViewModel.swift in Sources */,
				313E9E8E260B821B00FC51C4 /* JobCell.swift in Sources */,
				313E9E9C260B97CD00FC51C4 /* GlobalExtensions.swift in Sources */,
				313E9E69260B423E00FC51C4 /* ViewControllers.swift in Sources */,
				313E9E50260B3E2700FC51C4 /* JobService.swift in Sources */,
				313E9E99260B86DD00FC51C4 /* FakeNavBar.swift in Sources */,
				313E9E70260B42CA00FC51C4 /* AppConfig.swift in Sources */,
				312A1EC62603848E0089E5B1 /* AppDelegate.swift in Sources */,
				313E9E87260B71E000FC51C4 /* Navigation.swift in Sources */,
				313E9E79260B438300FC51C4 /* JobsViewModel.swift in Sources */,
				312A1EC82603848E0089E5B1 /* SceneDelegate.swift in Sources */,
				313E9E91260B835200FC51C4 /* JobScreen.swift in Sources */,
				312A1ECA2603848E0089E5B1 /* ContentView.swift in Sources */,
				312A1EDE26038A320089E5B1 /* FeedJobsList.swift in Sources */,
				313E9E5D260B3F2400FC51C4 /* Jobs.swift in Sources */,
				313E9E6C260B425300FC51C4 /* UserDefaultsName.swift in Sources */,
				313E9E8A260B728C00FC51C4 /* NavControllerView.swift in Sources */,
				313E9E84260B715000FC51C4 /* Screen.swift in Sources */,
				313E9E81260B713000FC51C4 /* NavControllerViewModel.swift in Sources */,
				313E9E7D260B710900FC51C4 /* ActivityIndicatorView.swift in Sources */,
				313E9E56260B3E8200FC51C4 /* DatabaseService.swift in Sources */,
				313E9E94260B841D00FC51C4 /* Error.swift in Sources */,
				313E9E53260B3E6200FC51C4 /* NetworkService.swift in Sources */,
			);
			runOnlyForDeploymentPostprocessing = 0;
		};
/* End PBXSourcesBuildPhase section */

/* Begin PBXVariantGroup section */
		312A1ED0260384900089E5B1 /* LaunchScreen.storyboard */ = {
			isa = PBXVariantGroup;
			children = (
				312A1ED1260384900089E5B1 /* Base */,
			);
			name = LaunchScreen.storyboard;
			sourceTree = "<group>";
		};
/* End PBXVariantGroup section */

/* Begin XCBuildConfiguration section */
		312A1ED4260384900089E5B1 /* Debug */ = {
			isa = XCBuildConfiguration;
			buildSettings = {
				ALWAYS_SEARCH_USER_PATHS = NO;
				CLANG_ANALYZER_NONNULL = YES;
				CLANG_ANALYZER_NUMBER_OBJECT_CONVERSION = YES_AGGRESSIVE;
				CLANG_CXX_LANGUAGE_STANDARD = "gnu++14";
				CLANG_CXX_LIBRARY = "libc++";
				CLANG_ENABLE_MODULES = YES;
				CLANG_ENABLE_OBJC_ARC = YES;
				CLANG_ENABLE_OBJC_WEAK = YES;
				CLANG_WARN_BLOCK_CAPTURE_AUTORELEASING = YES;
				CLANG_WARN_BOOL_CONVERSION = YES;
				CLANG_WARN_COMMA = YES;
				CLANG_WARN_CONSTANT_CONVERSION = YES;
				CLANG_WARN_DEPRECATED_OBJC_IMPLEMENTATIONS = YES;
				CLANG_WARN_DIRECT_OBJC_ISA_USAGE = YES_ERROR;
				CLANG_WARN_DOCUMENTATION_COMMENTS = YES;
				CLANG_WARN_EMPTY_BODY = YES;
				CLANG_WARN_ENUM_CONVERSION = YES;
				CLANG_WARN_INFINITE_RECURSION = YES;
				CLANG_WARN_INT_CONVERSION = YES;
				CLANG_WARN_NON_LITERAL_NULL_CONVERSION = YES;
				CLANG_WARN_OBJC_IMPLICIT_RETAIN_SELF = YES;
				CLANG_WARN_OBJC_LITERAL_CONVERSION = YES;
				CLANG_WARN_OBJC_ROOT_CLASS = YES_ERROR;
				CLANG_WARN_QUOTED_INCLUDE_IN_FRAMEWORK_HEADER = YES;
				CLANG_WARN_RANGE_LOOP_ANALYSIS = YES;
				CLANG_WARN_STRICT_PROTOTYPES = YES;
				CLANG_WARN_SUSPICIOUS_MOVE = YES;
				CLANG_WARN_UNGUARDED_AVAILABILITY = YES_AGGRESSIVE;
				CLANG_WARN_UNREACHABLE_CODE = YES;
				CLANG_WARN__DUPLICATE_METHOD_MATCH = YES;
				COPY_PHASE_STRIP = NO;
				DEBUG_INFORMATION_FORMAT = dwarf;
				ENABLE_STRICT_OBJC_MSGSEND = YES;
				ENABLE_TESTABILITY = YES;
				GCC_C_LANGUAGE_STANDARD = gnu11;
				GCC_DYNAMIC_NO_PIC = NO;
				GCC_NO_COMMON_BLOCKS = YES;
				GCC_OPTIMIZATION_LEVEL = 0;
				GCC_PREPROCESSOR_DEFINITIONS = (
					"DEBUG=1",
					"$(inherited)",
				);
				GCC_WARN_64_TO_32_BIT_CONVERSION = YES;
				GCC_WARN_ABOUT_RETURN_TYPE = YES_ERROR;
				GCC_WARN_UNDECLARED_SELECTOR = YES;
				GCC_WARN_UNINITIALIZED_AUTOS = YES_AGGRESSIVE;
				GCC_WARN_UNUSED_FUNCTION = YES;
				GCC_WARN_UNUSED_VARIABLE = YES;
				IPHONEOS_DEPLOYMENT_TARGET = 14.3;
				MTL_ENABLE_DEBUG_INFO = INCLUDE_SOURCE;
				MTL_FAST_MATH = YES;
				ONLY_ACTIVE_ARCH = YES;
				SDKROOT = iphoneos;
				SWIFT_ACTIVE_COMPILATION_CONDITIONS = DEBUG;
				SWIFT_OPTIMIZATION_LEVEL = "-Onone";
			};
			name = Debug;
		};
		312A1ED5260384900089E5B1 /* Release */ = {
			isa = XCBuildConfiguration;
			buildSettings = {
				ALWAYS_SEARCH_USER_PATHS = NO;
				CLANG_ANALYZER_NONNULL = YES;
				CLANG_ANALYZER_NUMBER_OBJECT_CONVERSION = YES_AGGRESSIVE;
				CLANG_CXX_LANGUAGE_STANDARD = "gnu++14";
				CLANG_CXX_LIBRARY = "libc++";
				CLANG_ENABLE_MODULES = YES;
				CLANG_ENABLE_OBJC_ARC = YES;
				CLANG_ENABLE_OBJC_WEAK = YES;
				CLANG_WARN_BLOCK_CAPTURE_AUTORELEASING = YES;
				CLANG_WARN_BOOL_CONVERSION = YES;
				CLANG_WARN_COMMA = YES;
				CLANG_WARN_CONSTANT_CONVERSION = YES;
				CLANG_WARN_DEPRECATED_OBJC_IMPLEMENTATIONS = YES;
				CLANG_WARN_DIRECT_OBJC_ISA_USAGE = YES_ERROR;
				CLANG_WARN_DOCUMENTATION_COMMENTS = YES;
				CLANG_WARN_EMPTY_BODY = YES;
				CLANG_WARN_ENUM_CONVERSION = YES;
				CLANG_WARN_INFINITE_RECURSION = YES;
				CLANG_WARN_INT_CONVERSION = YES;
				CLANG_WARN_NON_LITERAL_NULL_CONVERSION = YES;
				CLANG_WARN_OBJC_IMPLICIT_RETAIN_SELF = YES;
				CLANG_WARN_OBJC_LITERAL_CONVERSION = YES;
				CLANG_WARN_OBJC_ROOT_CLASS = YES_ERROR;
				CLANG_WARN_QUOTED_INCLUDE_IN_FRAMEWORK_HEADER = YES;
				CLANG_WARN_RANGE_LOOP_ANALYSIS = YES;
				CLANG_WARN_STRICT_PROTOTYPES = YES;
				CLANG_WARN_SUSPICIOUS_MOVE = YES;
				CLANG_WARN_UNGUARDED_AVAILABILITY = YES_AGGRESSIVE;
				CLANG_WARN_UNREACHABLE_CODE = YES;
				CLANG_WARN__DUPLICATE_METHOD_MATCH = YES;
				COPY_PHASE_STRIP = NO;
				DEBUG_INFORMATION_FORMAT = "dwarf-with-dsym";
				ENABLE_NS_ASSERTIONS = NO;
				ENABLE_STRICT_OBJC_MSGSEND = YES;
				GCC_C_LANGUAGE_STANDARD = gnu11;
				GCC_NO_COMMON_BLOCKS = YES;
				GCC_WARN_64_TO_32_BIT_CONVERSION = YES;
				GCC_WARN_ABOUT_RETURN_TYPE = YES_ERROR;
				GCC_WARN_UNDECLARED_SELECTOR = YES;
				GCC_WARN_UNINITIALIZED_AUTOS = YES_AGGRESSIVE;
				GCC_WARN_UNUSED_FUNCTION = YES;
				GCC_WARN_UNUSED_VARIABLE = YES;
				IPHONEOS_DEPLOYMENT_TARGET = 14.3;
				MTL_ENABLE_DEBUG_INFO = NO;
				MTL_FAST_MATH = YES;
				SDKROOT = iphoneos;
				SWIFT_COMPILATION_MODE = wholemodule;
				SWIFT_OPTIMIZATION_LEVEL = "-O";
				VALIDATE_PRODUCT = YES;
			};
			name = Release;
		};
		312A1ED7260384900089E5B1 /* Debug */ = {
			isa = XCBuildConfiguration;
			buildSettings = {
				ASSETCATALOG_COMPILER_APPICON_NAME = AppIcon;
				ASSETCATALOG_COMPILER_GLOBAL_ACCENT_COLOR_NAME = AccentColor;
				CODE_SIGN_STYLE = Automatic;
				DEVELOPMENT_ASSET_PATHS = "\"OfflieneCoreData/Preview Content\"";
				DEVELOPMENT_TEAM = N89Q9ZJQ5N;
				ENABLE_PREVIEWS = YES;
				INFOPLIST_FILE = OfflieneCoreData/Info.plist;
				LD_RUNPATH_SEARCH_PATHS = (
					"$(inherited)",
					"@executable_path/Frameworks",
				);
				PRODUCT_BUNDLE_IDENTIFIER = VK.OfflieneCoreData;
				PRODUCT_NAME = "$(TARGET_NAME)";
				SWIFT_VERSION = 5.0;
				TARGETED_DEVICE_FAMILY = "1,2";
			};
			name = Debug;
		};
		312A1ED8260384900089E5B1 /* Release */ = {
			isa = XCBuildConfiguration;
			buildSettings = {
				ASSETCATALOG_COMPILER_APPICON_NAME = AppIcon;
				ASSETCATALOG_COMPILER_GLOBAL_ACCENT_COLOR_NAME = AccentColor;
				CODE_SIGN_STYLE = Automatic;
				DEVELOPMENT_ASSET_PATHS = "\"OfflieneCoreData/Preview Content\"";
				DEVELOPMENT_TEAM = N89Q9ZJQ5N;
				ENABLE_PREVIEWS = YES;
				INFOPLIST_FILE = OfflieneCoreData/Info.plist;
				LD_RUNPATH_SEARCH_PATHS = (
					"$(inherited)",
					"@executable_path/Frameworks",
				);
				PRODUCT_BUNDLE_IDENTIFIER = VK.OfflieneCoreData;
				PRODUCT_NAME = "$(TARGET_NAME)";
				SWIFT_VERSION = 5.0;
				TARGETED_DEVICE_FAMILY = "1,2";
			};
			name = Release;
		};
/* End XCBuildConfiguration section */

/* Begin XCConfigurationList section */
		312A1EBD2603848E0089E5B1 /* Build configuration list for PBXProject "OfflieneCoreData" */ = {
			isa = XCConfigurationList;
			buildConfigurations = (
				312A1ED4260384900089E5B1 /* Debug */,
				312A1ED5260384900089E5B1 /* Release */,
			);
			defaultConfigurationIsVisible = 0;
			defaultConfigurationName = Release;
		};
		312A1ED6260384900089E5B1 /* Build configuration list for PBXNativeTarget "OfflieneCoreData" */ = {
			isa = XCConfigurationList;
			buildConfigurations = (
				312A1ED7260384900089E5B1 /* Debug */,
				312A1ED8260384900089E5B1 /* Release */,
			);
			defaultConfigurationIsVisible = 0;
			defaultConfigurationName = Release;
		};
/* End XCConfigurationList section */

/* Begin XCVersionGroup section */
		313E9E60260B3F6300FC51C4 /* Jobs.xcdatamodeld */ = {
			isa = XCVersionGroup;
			children = (
				313E9E61260B3F6300FC51C4 /* Jobs.xcdatamodel */,
			);
			currentVersion = 313E9E61260B3F6300FC51C4 /* Jobs.xcdatamodel */;
			path = Jobs.xcdatamodeld;
			sourceTree = "<group>";
			versionGroupType = wrapper.xcdatamodel;
		};
/* End XCVersionGroup section */
	};
	rootObject = 312A1EBA2603848E0089E5B1 /* Project object */;
}
